
Microsoft Visual Studio Solution File, Format Version 12.00
# Visual Studio 15
VisualStudioVersion = 15.0.27428.2002
MinimumVisualStudioVersion = 10.0.40219.1
Project("{FAE04EC0-301F-11D3-BF4B-00C04F79EFBC}") = "01_TestyJednostkowe", "01_TestyJednostkowe\01_TestyJednostkowe.csproj", "{C302A6F4-C653-4F97-8177-F69CDCC135BC}"
EndProject
Project("{FAE04EC0-301F-11D3-BF4B-00C04F79EFBC}") = "01_TestyJednostkoweTests", "01_TestyJednostkoweTests\01_TestyJednostkoweTests.csproj", "{17948D57-8E4C-4EC0-9BB2-BE6BA1886693}"
EndProject
Project("{9A19103F-16F7-4668-BE54-9A1E7A4F7556}") = "Library", "Library\Library.csproj", "{2F815D19-F2B7-46F1-9893-67E6E89649E1}"
EndProject
Project("{FAE04EC0-301F-11D3-BF4B-00C04F79EFBC}") = "MyLibraryTests", "MyLibraryTests\MyLibraryTests.csproj", "{4DC82420-5B68-43F0-A18E-9405AAB48A68}"
EndProject
Global
	GlobalSection(SolutionConfigurationPlatforms) = preSolution
		Debug|Any CPU = Debug|Any CPU
		Release|Any CPU = Release|Any CPU
	EndGlobalSection
	GlobalSection(ProjectConfigurationPlatforms) = postSolution
		{C302A6F4-C653-4F97-8177-F69CDCC135BC}.Debug|Any CPU.ActiveCfg = Debug|Any CPU
		{C302A6F4-C653-4F97-8177-F69CDCC135BC}.Debug|Any CPU.Build.0 = Debug|Any CPU
		{C302A6F4-C653-4F97-8177-F69CDCC135BC}.Release|Any CPU.ActiveCfg = Release|Any CPU
		{C302A6F4-C653-4F97-8177-F69CDCC135BC}.Release|Any CPU.Build.0 = Release|Any CPU
		{17948D57-8E4C-4EC0-9BB2-BE6BA1886693}.Debug|Any CPU.ActiveCfg = Debug|Any CPU
		{17948D57-8E4C-4EC0-9BB2-BE6BA1886693}.Debug|Any CPU.Build.0 = Debug|Any CPU
		{17948D57-8E4C-4EC0-9BB2-BE6BA1886693}.Release|Any CPU.ActiveCfg = Release|Any CPU
		{17948D57-8E4C-4EC0-9BB2-BE6BA1886693}.Release|Any CPU.Build.0 = Release|Any CPU
		{2F815D19-F2B7-46F1-9893-67E6E89649E1}.Debug|Any CPU.ActiveCfg = Debug|Any CPU
		{2F815D19-F2B7-46F1-9893-67E6E89649E1}.Debug|Any CPU.Build.0 = Debug|Any CPU
		{2F815D19-F2B7-46F1-9893-67E6E89649E1}.Release|Any CPU.ActiveCfg = Release|Any CPU
		{2F815D19-F2B7-46F1-9893-67E6E89649E1}.Release|Any CPU.Build.0 = Release|Any CPU
		{4DC82420-5B68-43F0-A18E-9405AAB48A68}.Debug|Any CPU.ActiveCfg = Debug|Any CPU
		{4DC82420-5B68-43F0-A18E-9405AAB48A68}.Debug|Any CPU.Build.0 = Debug|Any CPU
		{4DC82420-5B68-43F0-A18E-9405AAB48A68}.Release|Any CPU.ActiveCfg = Release|Any CPU
		{4DC82420-5B68-43F0-A18E-9405AAB48A68}.Release|Any CPU.Build.0 = Release|Any CPU
	EndGlobalSection
	GlobalSection(SolutionProperties) = preSolution
		HideSolutionNode = FALSE
	EndGlobalSection
	GlobalSection(ExtensibilityGlobals) = postSolution
		SolutionGuid = {DC14FBC0-6700-4488-AD81-8AB00ED0D6FF}
	EndGlobalSection
EndGlobal
